
Microsoft Visual Studio Solution File, Format Version 12.00
# Visual Studio Version 16
VisualStudioVersion = 16.0.29123.88
MinimumVisualStudioVersion = 10.0.40219.1
Project("{8BC9CEB8-8B4A-11D0-8D11-00A0C91BC942}") = "ProxyServer", "ProxyServer\ProxyServer.vcxproj", "{BDD180C4-5D75-4175-8A67-5E8D80AE8B27}"
EndProject
Global
	GlobalSection(SolutionConfigurationPlatforms) = preSolution
		Debug|x64 = Debug|x64
		Debug|x86 = Debug|x86
		Release|x64 = Release|x64
		Release|x86 = Release|x86
	EndGlobalSection
	GlobalSection(ProjectConfigurationPlatforms) = postSolution
		{BDD180C4-5D75-4175-8A67-5E8D80AE8B27}.Debug|x64.ActiveCfg = Debug|x64
		{BDD180C4-5D75-4175-8A67-5E8D80AE8B27}.Debug|x64.Build.0 = Debug|x64
		{BDD180C4-5D75-4175-8A67-5E8D80AE8B27}.Debug|x86.ActiveCfg = Debug|Win32
		{BDD180C4-5D75-4175-8A67-5E8D80AE8B27}.Debug|x86.Build.0 = Debug|Win32
		{BDD180C4-5D75-4175-8A67-5E8D80AE8B27}.Release|x64.ActiveCfg = Release|x64
		{BDD180C4-5D75-4175-8A67-5E8D80AE8B27}.Release|x64.Build.0 = Release|x64
		{BDD180C4-5D75-4175-8A67-5E8D80AE8B27}.Release|x86.ActiveCfg = Release|Win32
		{BDD180C4-5D75-4175-8A67-5E8D80AE8B27}.Release|x86.Build.0 = Release|Win32
	EndGlobalSection
	GlobalSection(SolutionProperties) = preSolution
		HideSolutionNode = FALSE
	EndGlobalSection
	GlobalSection(ExtensibilityGlobals) = postSolution
		SolutionGuid = {193441BD-6CDE-498E-B860-BAB5DC0341DF}
	EndGlobalSection
EndGlobal
